
Microsoft Visual Studio Solution File, Format Version 12.00
# Visual Studio 2012
Project("{FAE04EC0-301F-11D3-BF4B-00C04F79EFBC}") = "TesteTemplate", "TesteTemplate\TesteTemplate.csproj", "{A3858136-452D-49C2-BC13-666EE90E98B8}"
EndProject
Global
	GlobalSection(SolutionConfigurationPlatforms) = preSolution
		Debug|Any CPU = Debug|Any CPU
		Release|Any CPU = Release|Any CPU
	EndGlobalSection
	GlobalSection(ProjectConfigurationPlatforms) = postSolution
		{A3858136-452D-49C2-BC13-666EE90E98B8}.Debug|Any CPU.ActiveCfg = Debug|Any CPU
		{A3858136-452D-49C2-BC13-666EE90E98B8}.Debug|Any CPU.Build.0 = Debug|Any CPU
		{A3858136-452D-49C2-BC13-666EE90E98B8}.Release|Any CPU.ActiveCfg = Release|Any CPU
		{A3858136-452D-49C2-BC13-666EE90E98B8}.Release|Any CPU.Build.0 = Release|Any CPU
	EndGlobalSection
	GlobalSection(SolutionProperties) = preSolution
		HideSolutionNode = FALSE
	EndGlobalSection
EndGlobal
